
Microsoft Visual Studio Solution File, Format Version 12.00
# Visual Studio Version 17
VisualStudioVersion = 17.6.33829.357
MinimumVisualStudioVersion = 10.0.40219.1
Project("{FAE04EC0-301F-11D3-BF4B-00C04F79EFBC}") = "Assignment2", "Assignment2\Assignment2.csproj", "{D002866E-5D29-40AC-80D0-2C6A7CB1BF3F}"
EndProject
Global
	GlobalSection(SolutionConfigurationPlatforms) = preSolution
		Debug|Any CPU = Debug|Any CPU
		Release|Any CPU = Release|Any CPU
	EndGlobalSection
	GlobalSection(ProjectConfigurationPlatforms) = postSolution
		{D002866E-5D29-40AC-80D0-2C6A7CB1BF3F}.Debug|Any CPU.ActiveCfg = Debug|Any CPU
		{D002866E-5D29-40AC-80D0-2C6A7CB1BF3F}.Debug|Any CPU.Build.0 = Debug|Any CPU
		{D002866E-5D29-40AC-80D0-2C6A7CB1BF3F}.Release|Any CPU.ActiveCfg = Release|Any CPU
		{D002866E-5D29-40AC-80D0-2C6A7CB1BF3F}.Release|Any CPU.Build.0 = Release|Any CPU
	EndGlobalSection
	GlobalSection(SolutionProperties) = preSolution
		HideSolutionNode = FALSE
	EndGlobalSection
	GlobalSection(ExtensibilityGlobals) = postSolution
		SolutionGuid = {FB8C2626-08C0-4B41-A83C-6307354DE8A2}
	EndGlobalSection
EndGlobal
